// !$*UTF8*$!
{
	archiveVersion = 1;
	classes = {
	};
	objectVersion = 56;
	objects = {

/* Begin PBXBuildFile section */
		A2D2E1B5718F04A7DB7B103E /* Assets.xcassets in Resources */ = {isa = PBXBuildFile; fileRef = E3D45A54DBDACDDB5B6C2B1C /* Assets.xcassets */; };
		AA0000000000000000000037 /* PhotoEditingViewController.swift in Sources */ = {isa = PBXBuildFile; fileRef = AA0000000000000000000013 /* PhotoEditingViewController.swift */; };
		AA0000000000000000000038 /* SceneKit360VideoView.swift in Sources */ = {isa = PBXBuildFile; fileRef = AA0000000000000000000012 /* SceneKit360VideoView.swift */; };
		AA0000000000000000000039 /* AVFoundation.framework in Frameworks */ = {isa = PBXBuildFile; fileRef = AA0000000000000000000022 /* AVFoundation.framework */; };
		AA0000000000000000000040 /* SceneKit.framework in Frameworks */ = {isa = PBXBuildFile; fileRef = AA0000000000000000000023 /* SceneKit.framework */; };
		AA0000000000000000000041 /* Photos.framework in Frameworks */ = {isa = PBXBuildFile; fileRef = AA0000000000000000000025 /* Photos.framework */; };
		AA0000000000000000000042 /* PhotosUI.framework in Frameworks */ = {isa = PBXBuildFile; fileRef = AA0000000000000000000026 /* PhotosUI.framework */; };
		AA0000000000000000000049 /* ShareViewController.swift in Sources */ = {isa = PBXBuildFile; fileRef = AA0000000000000000000014 /* ShareViewController.swift */; };
		AA0000000000000000000050 /* SharedVideoLoader.swift in Sources */ = {isa = PBXBuildFile; fileRef = AA0000000000000000000009 /* SharedVideoLoader.swift */; };
		AA0000000000000000000051 /* SceneKit360VideoView.swift in Sources */ = {isa = PBXBuildFile; fileRef = AA0000000000000000000012 /* SceneKit360VideoView.swift */; };
		AA0000000000000000000052 /* AVFoundation.framework in Frameworks */ = {isa = PBXBuildFile; fileRef = AA0000000000000000000022 /* AVFoundation.framework */; };
		AA0000000000000000000053 /* SceneKit.framework in Frameworks */ = {isa = PBXBuildFile; fileRef = AA0000000000000000000023 /* SceneKit.framework */; };
		AA0000000000000000000060 /* SphereView360App.swift in Sources */ = {isa = PBXBuildFile; fileRef = AA0000000000000000000001 /* SphereView360App.swift */; };
		AA0000000000000000000061 /* AppDelegate.swift in Sources */ = {isa = PBXBuildFile; fileRef = AA0000000000000000000002 /* AppDelegate.swift */; };
		AA0000000000000000000062 /* VideoOpenPanel.swift in Sources */ = {isa = PBXBuildFile; fileRef = AA0000000000000000000005 /* VideoOpenPanel.swift */; };
		AA0000000000000000000063 /* OpenWithRegistrationService.swift in Sources */ = {isa = PBXBuildFile; fileRef = AA0000000000000000000006 /* OpenWithRegistrationService.swift */; };
		AA0000000000000000000064 /* NotificationName+OpenURLs.swift in Sources */ = {isa = PBXBuildFile; fileRef = AA0000000000000000000007 /* NotificationName+OpenURLs.swift */; };
		AA0000000000000000000065 /* ContentView.swift in Sources */ = {isa = PBXBuildFile; fileRef = AA0000000000000000000010 /* ContentView.swift */; };
		AA0000000000000000000066 /* PlaybackBar.swift in Sources */ = {isa = PBXBuildFile; fileRef = AA0000000000000000000011 /* PlaybackBar.swift */; };
		AA0000000000000000000067 /* SupportedVideoTypes.swift in Sources */ = {isa = PBXBuildFile; fileRef = AA0000000000000000000003 /* SupportedVideoTypes.swift */; };
		AA0000000000000000000068 /* ViewerStore.swift in Sources */ = {isa = PBXBuildFile; fileRef = AA0000000000000000000004 /* ViewerStore.swift */; };
		AA0000000000000000000069 /* TimeFormatter.swift in Sources */ = {isa = PBXBuildFile; fileRef = AA0000000000000000000008 /* TimeFormatter.swift */; };
		AA0000000000000000000070 /* SharedVideoLoader.swift in Sources */ = {isa = PBXBuildFile; fileRef = AA0000000000000000000009 /* SharedVideoLoader.swift */; };
		AA0000000000000000000071 /* SceneKit360VideoView.swift in Sources */ = {isa = PBXBuildFile; fileRef = AA0000000000000000000012 /* SceneKit360VideoView.swift */; };
		AA0000000000000000000072 /* AVFoundation.framework in Frameworks */ = {isa = PBXBuildFile; fileRef = AA0000000000000000000022 /* AVFoundation.framework */; };
		AA0000000000000000000073 /* SceneKit.framework in Frameworks */ = {isa = PBXBuildFile; fileRef = AA0000000000000000000023 /* SceneKit.framework */; };
		AA0000000000000000000074 /* CoreServices.framework in Frameworks */ = {isa = PBXBuildFile; fileRef = AA0000000000000000000024 /* CoreServices.framework */; };
		AA0000000000000000000077 /* SphereView360PhotosExtension.appex in Embed App Extensions */ = {isa = PBXBuildFile; fileRef = AA0000000000000000000028 /* SphereView360PhotosExtension.appex */; settings = {ATTRIBUTES = (CodeSignOnCopy, RemoveHeadersOnCopy, ); }; };
		AA0000000000000000000078 /* SphereView360ShareExtension.appex in Embed App Extensions */ = {isa = PBXBuildFile; fileRef = AA0000000000000000000029 /* SphereView360ShareExtension.appex */; settings = {ATTRIBUTES = (CodeSignOnCopy, RemoveHeadersOnCopy, ); }; };
		AA0000000000000000000088 /* ShareViewController.swift in Sources */ = {isa = PBXBuildFile; fileRef = AA0000000000000000000014 /* ShareViewController.swift */; };
		AA0000000000000000000089 /* SharedVideoLoader.swift in Sources */ = {isa = PBXBuildFile; fileRef = AA0000000000000000000009 /* SharedVideoLoader.swift */; };
		AA0000000000000000000090 /* SceneKit360VideoView.swift in Sources */ = {isa = PBXBuildFile; fileRef = AA0000000000000000000012 /* SceneKit360VideoView.swift */; };
		AA0000000000000000000091 /* AVFoundation.framework in Frameworks */ = {isa = PBXBuildFile; fileRef = AA0000000000000000000022 /* AVFoundation.framework */; };
		AA0000000000000000000092 /* SceneKit.framework in Frameworks */ = {isa = PBXBuildFile; fileRef = AA0000000000000000000023 /* SceneKit.framework */; };
		AA0000000000000000000099 /* SphereView360MobileApp.swift in Sources */ = {isa = PBXBuildFile; fileRef = AA0000000000000000000015 /* SphereView360MobileApp.swift */; };
		AA0000000000000000000100 /* MobileContentView.swift in Sources */ = {isa = PBXBuildFile; fileRef = AA0000000000000000000016 /* MobileContentView.swift */; };
		AA0000000000000000000101 /* SupportedVideoTypes.swift in Sources */ = {isa = PBXBuildFile; fileRef = AA0000000000000000000003 /* SupportedVideoTypes.swift */; };
		AA0000000000000000000102 /* ViewerStore.swift in Sources */ = {isa = PBXBuildFile; fileRef = AA0000000000000000000004 /* ViewerStore.swift */; };
		AA0000000000000000000103 /* TimeFormatter.swift in Sources */ = {isa = PBXBuildFile; fileRef = AA0000000000000000000008 /* TimeFormatter.swift */; };
		AA0000000000000000000104 /* SharedVideoLoader.swift in Sources */ = {isa = PBXBuildFile; fileRef = AA0000000000000000000009 /* SharedVideoLoader.swift */; };
		AA0000000000000000000105 /* SceneKit360VideoView.swift in Sources */ = {isa = PBXBuildFile; fileRef = AA0000000000000000000012 /* SceneKit360VideoView.swift */; };
		AA0000000000000000000106 /* AVFoundation.framework in Frameworks */ = {isa = PBXBuildFile; fileRef = AA0000000000000000000022 /* AVFoundation.framework */; };
		AA0000000000000000000107 /* SceneKit.framework in Frameworks */ = {isa = PBXBuildFile; fileRef = AA0000000000000000000023 /* SceneKit.framework */; };
		AA0000000000000000000108 /* PhotosUI.framework in Frameworks */ = {isa = PBXBuildFile; fileRef = AA0000000000000000000026 /* PhotosUI.framework */; };
		AA0000000000000000000111 /* SphereView360iOSShareExtension.appex in Embed App Extensions */ = {isa = PBXBuildFile; fileRef = AA0000000000000000000031 /* SphereView360iOSShareExtension.appex */; settings = {ATTRIBUTES = (CodeSignOnCopy, RemoveHeadersOnCopy, ); }; };
		AB4B073B7119A8D428752087 /* Assets.xcassets in Resources */ = {isa = PBXBuildFile; fileRef = E3D45A54DBDACDDB5B6C2B1C /* Assets.xcassets */; };
/* End PBXBuildFile section */

/* Begin PBXContainerItemProxy section */
		AA0000000000000000000080 /* PBXContainerItemProxy */ = {
			isa = PBXContainerItemProxy;
			containerPortal = AA0000000000000000000122 /* Project object */;
			proxyType = 1;
			remoteGlobalIDString = AA0000000000000000000048;
			remoteInfo = SphereView360PhotosExtension;
		};
		AA0000000000000000000082 /* PBXContainerItemProxy */ = {
			isa = PBXContainerItemProxy;
			containerPortal = AA0000000000000000000122 /* Project object */;
			proxyType = 1;
			remoteGlobalIDString = AA0000000000000000000059;
			remoteInfo = SphereView360ShareExtension;
		};
		AA0000000000000000000113 /* PBXContainerItemProxy */ = {
			isa = PBXContainerItemProxy;
			containerPortal = AA0000000000000000000122 /* Project object */;
			proxyType = 1;
			remoteGlobalIDString = AA0000000000000000000098;
			remoteInfo = SphereView360iOSShareExtension;
		};
/* End PBXContainerItemProxy section */

/* Begin PBXCopyFilesBuildPhase section */
		AA0000000000000000000079 /* Embed App Extensions */ = {
			isa = PBXCopyFilesBuildPhase;
			buildActionMask = 2147483647;
			dstPath = "";
			dstSubfolderSpec = 13;
			files = (
				AA0000000000000000000077 /* SphereView360PhotosExtension.appex in Embed App Extensions */,
				AA0000000000000000000078 /* SphereView360ShareExtension.appex in Embed App Extensions */,
			);
			name = "Embed App Extensions";
			runOnlyForDeploymentPostprocessing = 0;
		};
		AA0000000000000000000112 /* Embed App Extensions */ = {
			isa = PBXCopyFilesBuildPhase;
			buildActionMask = 2147483647;
			dstPath = "";
			dstSubfolderSpec = 13;
			files = (
				AA0000000000000000000111 /* SphereView360iOSShareExtension.appex in Embed App Extensions */,
			);
			name = "Embed App Extensions";
			runOnlyForDeploymentPostprocessing = 0;
		};
/* End PBXCopyFilesBuildPhase section */

/* Begin PBXFileReference section */
		AA0000000000000000000001 /* SphereView360App.swift */ = {isa = PBXFileReference; lastKnownFileType = sourcecode.swift; path = Sources/SphereView360/App/SphereView360App.swift; sourceTree = SOURCE_ROOT; };
		AA0000000000000000000002 /* AppDelegate.swift */ = {isa = PBXFileReference; lastKnownFileType = sourcecode.swift; path = Sources/SphereView360/App/AppDelegate.swift; sourceTree = SOURCE_ROOT; };
		AA0000000000000000000003 /* SupportedVideoTypes.swift */ = {isa = PBXFileReference; lastKnownFileType = sourcecode.swift; path = Sources/SphereView360/Models/SupportedVideoTypes.swift; sourceTree = SOURCE_ROOT; };
		AA0000000000000000000004 /* ViewerStore.swift */ = {isa = PBXFileReference; lastKnownFileType = sourcecode.swift; path = Sources/SphereView360/Models/ViewerStore.swift; sourceTree = SOURCE_ROOT; };
		AA0000000000000000000005 /* VideoOpenPanel.swift */ = {isa = PBXFileReference; lastKnownFileType = sourcecode.swift; path = Sources/SphereView360/Services/VideoOpenPanel.swift; sourceTree = SOURCE_ROOT; };
		AA0000000000000000000006 /* OpenWithRegistrationService.swift */ = {isa = PBXFileReference; lastKnownFileType = sourcecode.swift; path = Sources/SphereView360/Services/OpenWithRegistrationService.swift; sourceTree = SOURCE_ROOT; };
		AA0000000000000000000007 /* NotificationName+OpenURLs.swift */ = {isa = PBXFileReference; lastKnownFileType = sourcecode.swift; path = "Sources/SphereView360/Support/NotificationName+OpenURLs.swift"; sourceTree = SOURCE_ROOT; };
		AA0000000000000000000008 /* TimeFormatter.swift */ = {isa = PBXFileReference; lastKnownFileType = sourcecode.swift; path = Sources/SphereView360/Support/TimeFormatter.swift; sourceTree = SOURCE_ROOT; };
		AA0000000000000000000009 /* SharedVideoLoader.swift */ = {isa = PBXFileReference; lastKnownFileType = sourcecode.swift; path = Sources/SphereView360/Support/SharedVideoLoader.swift; sourceTree = SOURCE_ROOT; };
		AA0000000000000000000010 /* ContentView.swift */ = {isa = PBXFileReference; lastKnownFileType = sourcecode.swift; path = Sources/SphereView360/Views/ContentView.swift; sourceTree = SOURCE_ROOT; };
		AA0000000000000000000011 /* PlaybackBar.swift */ = {isa = PBXFileReference; lastKnownFileType = sourcecode.swift; path = Sources/SphereView360/Views/PlaybackBar.swift; sourceTree = SOURCE_ROOT; };
		AA0000000000000000000012 /* SceneKit360VideoView.swift */ = {isa = PBXFileReference; lastKnownFileType = sourcecode.swift; path = Sources/SphereView360/Views/SceneKit360VideoView.swift; sourceTree = SOURCE_ROOT; };
		AA0000000000000000000013 /* PhotoEditingViewController.swift */ = {isa = PBXFileReference; lastKnownFileType = sourcecode.swift; path = Xcode/SphereView360PhotosExtension/PhotoEditingViewController.swift; sourceTree = SOURCE_ROOT; };
		AA0000000000000000000014 /* ShareViewController.swift */ = {isa = PBXFileReference; lastKnownFileType = sourcecode.swift; path = Xcode/SphereView360ShareExtension/ShareViewController.swift; sourceTree = SOURCE_ROOT; };
		AA0000000000000000000015 /* SphereView360MobileApp.swift */ = {isa = PBXFileReference; lastKnownFileType = sourcecode.swift; path = Xcode/SphereView360iOS/SphereView360MobileApp.swift; sourceTree = SOURCE_ROOT; };
		AA0000000000000000000016 /* MobileContentView.swift */ = {isa = PBXFileReference; lastKnownFileType = sourcecode.swift; path = Xcode/SphereView360iOS/MobileContentView.swift; sourceTree = SOURCE_ROOT; };
		AA0000000000000000000017 /* Info.plist */ = {isa = PBXFileReference; lastKnownFileType = text.plist.xml; path = Xcode/SphereView360/Info.plist; sourceTree = SOURCE_ROOT; };
		AA0000000000000000000018 /* Info.plist */ = {isa = PBXFileReference; lastKnownFileType = text.plist.xml; path = Xcode/SphereView360PhotosExtension/Info.plist; sourceTree = SOURCE_ROOT; };
		AA0000000000000000000019 /* Info.plist */ = {isa = PBXFileReference; lastKnownFileType = text.plist.xml; path = Xcode/SphereView360ShareExtension/Info.plist; sourceTree = SOURCE_ROOT; };
		AA0000000000000000000020 /* Info.plist */ = {isa = PBXFileReference; lastKnownFileType = text.plist.xml; path = Xcode/SphereView360iOS/Info.plist; sourceTree = SOURCE_ROOT; };
		AA0000000000000000000021 /* Info.plist */ = {isa = PBXFileReference; lastKnownFileType = text.plist.xml; path = Xcode/SphereView360iOSShareExtension/Info.plist; sourceTree = SOURCE_ROOT; };
		AA0000000000000000000022 /* AVFoundation.framework */ = {isa = PBXFileReference; lastKnownFileType = wrapper.framework; name = AVFoundation.framework; path = System/Library/Frameworks/AVFoundation.framework; sourceTree = SDKROOT; };
		AA0000000000000000000023 /* SceneKit.framework */ = {isa = PBXFileReference; lastKnownFileType = wrapper.framework; name = SceneKit.framework; path = System/Library/Frameworks/SceneKit.framework; sourceTree = SDKROOT; };
		AA0000000000000000000024 /* CoreServices.framework */ = {isa = PBXFileReference; lastKnownFileType = wrapper.framework; name = CoreServices.framework; path = System/Library/Frameworks/CoreServices.framework; sourceTree = SDKROOT; };
		AA0000000000000000000025 /* Photos.framework */ = {isa = PBXFileReference; lastKnownFileType = wrapper.framework; name = Photos.framework; path = System/Library/Frameworks/Photos.framework; sourceTree = SDKROOT; };
		AA0000000000000000000026 /* PhotosUI.framework */ = {isa = PBXFileReference; lastKnownFileType = wrapper.framework; name = PhotosUI.framework; path = System/Library/Frameworks/PhotosUI.framework; sourceTree = SDKROOT; };
		AA0000000000000000000027 /* SphereView360.app */ = {isa = PBXFileReference; explicitFileType = wrapper.application; includeInIndex = 0; path = SphereView360.app; sourceTree = BUILT_PRODUCTS_DIR; };
		AA0000000000000000000028 /* SphereView360PhotosExtension.appex */ = {isa = PBXFileReference; explicitFileType = "wrapper.app-extension"; includeInIndex = 0; path = SphereView360PhotosExtension.appex; sourceTree = BUILT_PRODUCTS_DIR; };
		AA0000000000000000000029 /* SphereView360ShareExtension.appex */ = {isa = PBXFileReference; explicitFileType = "wrapper.app-extension"; includeInIndex = 0; path = SphereView360ShareExtension.appex; sourceTree = BUILT_PRODUCTS_DIR; };
		AA0000000000000000000030 /* SphereView360iOS.app */ = {isa = PBXFileReference; explicitFileType = wrapper.application; includeInIndex = 0; path = SphereView360iOS.app; sourceTree = BUILT_PRODUCTS_DIR; };
		AA0000000000000000000031 /* SphereView360iOSShareExtension.appex */ = {isa = PBXFileReference; explicitFileType = "wrapper.app-extension"; includeInIndex = 0; path = SphereView360iOSShareExtension.appex; sourceTree = BUILT_PRODUCTS_DIR; };
		E3D45A54DBDACDDB5B6C2B1C /* Assets.xcassets */ = {isa = PBXFileReference; includeInIndex = 1; lastKnownFileType = folder.assetcatalog; name = Assets.xcassets; path = Xcode/SharedAssets/Assets.xcassets; sourceTree = "<group>"; };
/* End PBXFileReference section */

/* Begin PBXFrameworksBuildPhase section */
		AA0000000000000000000044 /* Frameworks */ = {
			isa = PBXFrameworksBuildPhase;
			buildActionMask = 2147483647;
			files = (
				AA0000000000000000000039 /* AVFoundation.framework in Frameworks */,
				AA0000000000000000000040 /* SceneKit.framework in Frameworks */,
				AA0000000000000000000041 /* Photos.framework in Frameworks */,
				AA0000000000000000000042 /* PhotosUI.framework in Frameworks */,
			);
			runOnlyForDeploymentPostprocessing = 0;
		};
		AA0000000000000000000055 /* Frameworks */ = {
			isa = PBXFrameworksBuildPhase;
			buildActionMask = 2147483647;
			files = (
				AA0000000000000000000052 /* AVFoundation.framework in Frameworks */,
				AA0000000000000000000053 /* SceneKit.framework in Frameworks */,
			);
			runOnlyForDeploymentPostprocessing = 0;
		};
		AA0000000000000000000076 /* Frameworks */ = {
			isa = PBXFrameworksBuildPhase;
			buildActionMask = 2147483647;
			files = (
				AA0000000000000000000072 /* AVFoundation.framework in Frameworks */,
				AA0000000000000000000073 /* SceneKit.framework in Frameworks */,
				AA0000000000000000000074 /* CoreServices.framework in Frameworks */,
			);
			runOnlyForDeploymentPostprocessing = 0;
		};
		AA0000000000000000000094 /* Frameworks */ = {
			isa = PBXFrameworksBuildPhase;
			buildActionMask = 2147483647;
			files = (
				AA0000000000000000000091 /* AVFoundation.framework in Frameworks */,
				AA0000000000000000000092 /* SceneKit.framework in Frameworks */,
			);
			runOnlyForDeploymentPostprocessing = 0;
		};
		AA0000000000000000000110 /* Frameworks */ = {
			isa = PBXFrameworksBuildPhase;
			buildActionMask = 2147483647;
			files = (
				AA0000000000000000000106 /* AVFoundation.framework in Frameworks */,
				AA0000000000000000000107 /* SceneKit.framework in Frameworks */,
				AA0000000000000000000108 /* PhotosUI.framework in Frameworks */,
			);
			runOnlyForDeploymentPostprocessing = 0;
		};
/* End PBXFrameworksBuildPhase section */

/* Begin PBXGroup section */
		2CC671E01701BACE4D8B3890 /* Resources */ = {
			isa = PBXGroup;
			children = (
				E3D45A54DBDACDDB5B6C2B1C /* Assets.xcassets */,
			);
			name = Resources;
			sourceTree = "<group>";
		};
		AA0000000000000000000032 /* Sources */ = {
			isa = PBXGroup;
			children = (
				AA0000000000000000000001 /* SphereView360App.swift */,
				AA0000000000000000000002 /* AppDelegate.swift */,
				AA0000000000000000000003 /* SupportedVideoTypes.swift */,
				AA0000000000000000000004 /* ViewerStore.swift */,
				AA0000000000000000000005 /* VideoOpenPanel.swift */,
				AA0000000000000000000006 /* OpenWithRegistrationService.swift */,
				AA0000000000000000000007 /* NotificationName+OpenURLs.swift */,
				AA0000000000000000000008 /* TimeFormatter.swift */,
				AA0000000000000000000009 /* SharedVideoLoader.swift */,
				AA0000000000000000000010 /* ContentView.swift */,
				AA0000000000000000000011 /* PlaybackBar.swift */,
				AA0000000000000000000012 /* SceneKit360VideoView.swift */,
			);
			name = Sources;
			sourceTree = "<group>";
		};
		AA0000000000000000000033 /* Xcode */ = {
			isa = PBXGroup;
			children = (
				AA0000000000000000000013 /* PhotoEditingViewController.swift */,
				AA0000000000000000000014 /* ShareViewController.swift */,
				AA0000000000000000000015 /* SphereView360MobileApp.swift */,
				AA0000000000000000000016 /* MobileContentView.swift */,
				AA0000000000000000000017 /* Info.plist */,
				AA0000000000000000000018 /* Info.plist */,
				AA0000000000000000000019 /* Info.plist */,
				AA0000000000000000000020 /* Info.plist */,
				AA0000000000000000000021 /* Info.plist */,
			);
			name = Xcode;
			sourceTree = "<group>";
		};
		AA0000000000000000000034 /* Frameworks */ = {
			isa = PBXGroup;
			children = (
				AA0000000000000000000022 /* AVFoundation.framework */,
				AA0000000000000000000023 /* SceneKit.framework */,
				AA0000000000000000000024 /* CoreServices.framework */,
				AA0000000000000000000025 /* Photos.framework */,
				AA0000000000000000000026 /* PhotosUI.framework */,
			);
			name = Frameworks;
			sourceTree = "<group>";
		};
		AA0000000000000000000035 /* Products */ = {
			isa = PBXGroup;
			children = (
				AA0000000000000000000027 /* SphereView360.app */,
				AA0000000000000000000028 /* SphereView360PhotosExtension.appex */,
				AA0000000000000000000029 /* SphereView360ShareExtension.appex */,
				AA0000000000000000000030 /* SphereView360iOS.app */,
				AA0000000000000000000031 /* SphereView360iOSShareExtension.appex */,
			);
			name = Products;
			sourceTree = "<group>";
		};
		AA0000000000000000000036 = {
			isa = PBXGroup;
			children = (
				AA0000000000000000000032 /* Sources */,
				AA0000000000000000000033 /* Xcode */,
				AA0000000000000000000034 /* Frameworks */,
				AA0000000000000000000035 /* Products */,
				2CC671E01701BACE4D8B3890 /* Resources */,
			);
			name = Main;
			sourceTree = "<group>";
		};
/* End PBXGroup section */

/* Begin PBXNativeTarget section */
		AA0000000000000000000048 /* SphereView360PhotosExtension */ = {
			isa = PBXNativeTarget;
			buildConfigurationList = AA0000000000000000000047 /* Build configuration list for PBXNativeTarget "SphereView360PhotosExtension" */;
			buildPhases = (
				AA0000000000000000000043 /* Sources */,
				AA0000000000000000000044 /* Frameworks */,
			);
			buildRules = (
			);
			dependencies = (
			);
			name = SphereView360PhotosExtension;
			productName = SphereView360PhotosExtension;
			productReference = AA0000000000000000000028 /* SphereView360PhotosExtension.appex */;
			productType = "com.apple.product-type.app-extension";
		};
		AA0000000000000000000059 /* SphereView360ShareExtension */ = {
			isa = PBXNativeTarget;
			buildConfigurationList = AA0000000000000000000058 /* Build configuration list for PBXNativeTarget "SphereView360ShareExtension" */;
			buildPhases = (
				AA0000000000000000000054 /* Sources */,
				AA0000000000000000000055 /* Frameworks */,
			);
			buildRules = (
			);
			dependencies = (
			);
			name = SphereView360ShareExtension;
			productName = SphereView360ShareExtension;
			productReference = AA0000000000000000000029 /* SphereView360ShareExtension.appex */;
			productType = "com.apple.product-type.app-extension";
		};
		AA0000000000000000000087 /* SphereView360 */ = {
			isa = PBXNativeTarget;
			buildConfigurationList = AA0000000000000000000086 /* Build configuration list for PBXNativeTarget "SphereView360" */;
			buildPhases = (
				AA0000000000000000000075 /* Sources */,
				AA0000000000000000000076 /* Frameworks */,
				AA0000000000000000000079 /* Embed App Extensions */,
				56A895B9E315E615BF950BF4 /* Resources */,
			);
			buildRules = (
			);
			dependencies = (
				AA0000000000000000000081 /* PBXTargetDependency */,
				AA0000000000000000000083 /* PBXTargetDependency */,
			);
			name = SphereView360;
			productName = SphereView360;
			productReference = AA0000000000000000000027 /* SphereView360.app */;
			productType = "com.apple.product-type.application";
		};
		AA0000000000000000000098 /* SphereView360iOSShareExtension */ = {
			isa = PBXNativeTarget;
			buildConfigurationList = AA0000000000000000000097 /* Build configuration list for PBXNativeTarget "SphereView360iOSShareExtension" */;
			buildPhases = (
				AA0000000000000000000093 /* Sources */,
				AA0000000000000000000094 /* Frameworks */,
			);
			buildRules = (
			);
			dependencies = (
			);
			name = SphereView360iOSShareExtension;
			productName = SphereView360iOSShareExtension;
			productReference = AA0000000000000000000031 /* SphereView360iOSShareExtension.appex */;
			productType = "com.apple.product-type.app-extension";
		};
		AA0000000000000000000118 /* SphereView360iOS */ = {
			isa = PBXNativeTarget;
			buildConfigurationList = AA0000000000000000000117 /* Build configuration list for PBXNativeTarget "SphereView360iOS" */;
			buildPhases = (
				AA0000000000000000000109 /* Sources */,
				AA0000000000000000000110 /* Frameworks */,
				AA0000000000000000000112 /* Embed App Extensions */,
				7BD860AA0D809F4A5EAFAA57 /* Resources */,
			);
			buildRules = (
			);
			dependencies = (
				AA0000000000000000000114 /* PBXTargetDependency */,
			);
			name = SphereView360iOS;
			productName = SphereView360iOS;
			productReference = AA0000000000000000000030 /* SphereView360iOS.app */;
			productType = "com.apple.product-type.application";
		};
/* End PBXNativeTarget section */

/* Begin PBXProject section */
		AA0000000000000000000122 /* Project object */ = {
			isa = PBXProject;
			attributes = {
				BuildIndependentTargetsInParallel = 1;
				LastSwiftUpdateCheck = 2600;
				LastUpgradeCheck = 2600;
				TargetAttributes = {
					AA0000000000000000000048 = {
						CreatedOnToolsVersion = 26.0;
						ProvisioningStyle = Manual;
					};
					AA0000000000000000000059 = {
						CreatedOnToolsVersion = 26.0;
						ProvisioningStyle = Manual;
					};
					AA0000000000000000000087 = {
						CreatedOnToolsVersion = 26.0;
						ProvisioningStyle = Manual;
					};
					AA0000000000000000000098 = {
						CreatedOnToolsVersion = 26.0;
						ProvisioningStyle = Manual;
					};
					AA0000000000000000000118 = {
						CreatedOnToolsVersion = 26.0;
						ProvisioningStyle = Manual;
					};
				};
			};
			buildConfigurationList = AA0000000000000000000121 /* Build configuration list for PBXProject "SphereView360" */;
			compatibilityVersion = "Xcode 15.0";
			developmentRegion = en;
			hasScannedForEncodings = 0;
			knownRegions = (
				en,
				Base,
			);
			mainGroup = AA0000000000000000000036;
			productRefGroup = AA0000000000000000000035 /* Products */;
			projectDirPath = "";
			projectRoot = "";
			targets = (
				AA0000000000000000000087 /* SphereView360 */,
				AA0000000000000000000048 /* SphereView360PhotosExtension */,
				AA0000000000000000000059 /* SphereView360ShareExtension */,
				AA0000000000000000000118 /* SphereView360iOS */,
				AA0000000000000000000098 /* SphereView360iOSShareExtension */,
			);
		};
/* End PBXProject section */

/* Begin PBXResourcesBuildPhase section */
		56A895B9E315E615BF950BF4 /* Resources */ = {
			isa = PBXResourcesBuildPhase;
			buildActionMask = 2147483647;
			files = (
				AB4B073B7119A8D428752087 /* Assets.xcassets in Resources */,
			);
			runOnlyForDeploymentPostprocessing = 0;
		};
		7BD860AA0D809F4A5EAFAA57 /* Resources */ = {
			isa = PBXResourcesBuildPhase;
			buildActionMask = 2147483647;
			files = (
				A2D2E1B5718F04A7DB7B103E /* Assets.xcassets in Resources */,
			);
			runOnlyForDeploymentPostprocessing = 0;
		};
/* End PBXResourcesBuildPhase section */

/* Begin PBXSourcesBuildPhase section */
		AA0000000000000000000043 /* Sources */ = {
			isa = PBXSourcesBuildPhase;
			buildActionMask = 2147483647;
			files = (
				AA0000000000000000000037 /* PhotoEditingViewController.swift in Sources */,
				AA0000000000000000000038 /* SceneKit360VideoView.swift in Sources */,
			);
			runOnlyForDeploymentPostprocessing = 0;
		};
		AA0000000000000000000054 /* Sources */ = {
			isa = PBXSourcesBuildPhase;
			buildActionMask = 2147483647;
			files = (
				AA0000000000000000000049 /* ShareViewController.swift in Sources */,
				AA0000000000000000000050 /* SharedVideoLoader.swift in Sources */,
				AA0000000000000000000051 /* SceneKit360VideoView.swift in Sources */,
			);
			runOnlyForDeploymentPostprocessing = 0;
		};
		AA0000000000000000000075 /* Sources */ = {
			isa = PBXSourcesBuildPhase;
			buildActionMask = 2147483647;
			files = (
				AA0000000000000000000060 /* SphereView360App.swift in Sources */,
				AA0000000000000000000061 /* AppDelegate.swift in Sources */,
				AA0000000000000000000062 /* VideoOpenPanel.swift in Sources */,
				AA0000000000000000000063 /* OpenWithRegistrationService.swift in Sources */,
				AA0000000000000000000064 /* NotificationName+OpenURLs.swift in Sources */,
				AA0000000000000000000065 /* ContentView.swift in Sources */,
				AA0000000000000000000066 /* PlaybackBar.swift in Sources */,
				AA0000000000000000000067 /* SupportedVideoTypes.swift in Sources */,
				AA0000000000000000000068 /* ViewerStore.swift in Sources */,
				AA0000000000000000000069 /* TimeFormatter.swift in Sources */,
				AA0000000000000000000070 /* SharedVideoLoader.swift in Sources */,
				AA0000000000000000000071 /* SceneKit360VideoView.swift in Sources */,
			);
			runOnlyForDeploymentPostprocessing = 0;
		};
		AA0000000000000000000093 /* Sources */ = {
			isa = PBXSourcesBuildPhase;
			buildActionMask = 2147483647;
			files = (
				AA0000000000000000000088 /* ShareViewController.swift in Sources */,
				AA0000000000000000000089 /* SharedVideoLoader.swift in Sources */,
				AA0000000000000000000090 /* SceneKit360VideoView.swift in Sources */,
			);
			runOnlyForDeploymentPostprocessing = 0;
		};
		AA0000000000000000000109 /* Sources */ = {
			isa = PBXSourcesBuildPhase;
			buildActionMask = 2147483647;
			files = (
				AA0000000000000000000099 /* SphereView360MobileApp.swift in Sources */,
				AA0000000000000000000100 /* MobileContentView.swift in Sources */,
				AA0000000000000000000101 /* SupportedVideoTypes.swift in Sources */,
				AA0000000000000000000102 /* ViewerStore.swift in Sources */,
				AA0000000000000000000103 /* TimeFormatter.swift in Sources */,
				AA0000000000000000000104 /* SharedVideoLoader.swift in Sources */,
				AA0000000000000000000105 /* SceneKit360VideoView.swift in Sources */,
			);
			runOnlyForDeploymentPostprocessing = 0;
		};
/* End PBXSourcesBuildPhase section */

/* Begin PBXTargetDependency section */
		AA0000000000000000000081 /* PBXTargetDependency */ = {
			isa = PBXTargetDependency;
			target = AA0000000000000000000048 /* SphereView360PhotosExtension */;
			targetProxy = AA0000000000000000000080 /* PBXContainerItemProxy */;
		};
		AA0000000000000000000083 /* PBXTargetDependency */ = {
			isa = PBXTargetDependency;
			target = AA0000000000000000000059 /* SphereView360ShareExtension */;
			targetProxy = AA0000000000000000000082 /* PBXContainerItemProxy */;
		};
		AA0000000000000000000114 /* PBXTargetDependency */ = {
			isa = PBXTargetDependency;
			target = AA0000000000000000000098 /* SphereView360iOSShareExtension */;
			targetProxy = AA0000000000000000000113 /* PBXContainerItemProxy */;
		};
/* End PBXTargetDependency section */

/* Begin XCBuildConfiguration section */
		AA0000000000000000000045 /* Debug */ = {
			isa = XCBuildConfiguration;
			buildSettings = {
				APPLICATION_EXTENSION_API_ONLY = YES;
				CODE_SIGN_IDENTITY = "-";
				CODE_SIGN_STYLE = Manual;
				COPY_PHASE_STRIP = NO;
				CURRENT_PROJECT_VERSION = 1;
				DEBUG_INFORMATION_FORMAT = dwarf;
				ENABLE_APP_SANDBOX = YES;
				ENABLE_TESTABILITY = YES;
				ENABLE_USER_SELECTED_FILES = readonly;
				GCC_OPTIMIZATION_LEVEL = 0;
				GENERATE_INFOPLIST_FILE = NO;
				INFOPLIST_FILE = Xcode/SphereView360PhotosExtension/Info.plist;
				LD_RUNPATH_SEARCH_PATHS = (
					"$(inherited)",
					"@executable_path/../Frameworks",
					"@executable_path/../../../../Frameworks",
				);
				MACOSX_DEPLOYMENT_TARGET = 14.0;
				MARKETING_VERSION = 0.1.0;
				ONLY_ACTIVE_ARCH = YES;
				PRODUCT_BUNDLE_IDENTIFIER = dev.local.SphereView360.PhotosExtension;
				PRODUCT_NAME = "$(TARGET_NAME)";
				SDKROOT = macosx;
				SKIP_INSTALL = YES;
				SUPPORTED_PLATFORMS = macosx;
				SWIFT_ACTIVE_COMPILATION_CONDITIONS = DEBUG;
				SWIFT_OPTIMIZATION_LEVEL = "-Onone";
				SWIFT_VERSION = 6.0;
			};
			name = Debug;
		};
		AA0000000000000000000046 /* Release */ = {
			isa = XCBuildConfiguration;
			buildSettings = {
				APPLICATION_EXTENSION_API_ONLY = YES;
				CODE_SIGN_IDENTITY = "-";
				CODE_SIGN_STYLE = Manual;
				COPY_PHASE_STRIP = NO;
				CURRENT_PROJECT_VERSION = 1;
				DEBUG_INFORMATION_FORMAT = "dwarf-with-dsym";
				ENABLE_APP_SANDBOX = YES;
				ENABLE_NS_ASSERTIONS = NO;
				ENABLE_USER_SELECTED_FILES = readonly;
				GENERATE_INFOPLIST_FILE = NO;
				INFOPLIST_FILE = Xcode/SphereView360PhotosExtension/Info.plist;
				LD_RUNPATH_SEARCH_PATHS = (
					"$(inherited)",
					"@executable_path/../Frameworks",
					"@executable_path/../../../../Frameworks",
				);
				MACOSX_DEPLOYMENT_TARGET = 14.0;
				MARKETING_VERSION = 0.1.0;
				PRODUCT_BUNDLE_IDENTIFIER = dev.local.SphereView360.PhotosExtension;
				PRODUCT_NAME = "$(TARGET_NAME)";
				SDKROOT = macosx;
				SKIP_INSTALL = YES;
				SUPPORTED_PLATFORMS = macosx;
				SWIFT_COMPILATION_MODE = wholemodule;
				SWIFT_OPTIMIZATION_LEVEL = "-O";
				SWIFT_VERSION = 6.0;
			};
			name = Release;
		};
		AA0000000000000000000056 /* Debug */ = {
			isa = XCBuildConfiguration;
			buildSettings = {
				APPLICATION_EXTENSION_API_ONLY = YES;
				CODE_SIGN_IDENTITY = "-";
				CODE_SIGN_STYLE = Manual;
				COPY_PHASE_STRIP = NO;
				CURRENT_PROJECT_VERSION = 1;
				DEBUG_INFORMATION_FORMAT = dwarf;
				ENABLE_APP_SANDBOX = YES;
				ENABLE_TESTABILITY = YES;
				ENABLE_USER_SELECTED_FILES = readonly;
				GCC_OPTIMIZATION_LEVEL = 0;
				GENERATE_INFOPLIST_FILE = NO;
				INFOPLIST_FILE = Xcode/SphereView360ShareExtension/Info.plist;
				LD_RUNPATH_SEARCH_PATHS = (
					"$(inherited)",
					"@executable_path/../Frameworks",
					"@executable_path/../../../../Frameworks",
				);
				MACOSX_DEPLOYMENT_TARGET = 14.0;
				MARKETING_VERSION = 0.1.0;
				ONLY_ACTIVE_ARCH = YES;
				PRODUCT_BUNDLE_IDENTIFIER = dev.local.SphereView360.ShareExtension;
				PRODUCT_NAME = "$(TARGET_NAME)";
				SDKROOT = macosx;
				SKIP_INSTALL = YES;
				SUPPORTED_PLATFORMS = macosx;
				SWIFT_ACTIVE_COMPILATION_CONDITIONS = DEBUG;
				SWIFT_OPTIMIZATION_LEVEL = "-Onone";
				SWIFT_VERSION = 6.0;
			};
			name = Debug;
		};
		AA0000000000000000000057 /* Release */ = {
			isa = XCBuildConfiguration;
			buildSettings = {
				APPLICATION_EXTENSION_API_ONLY = YES;
				CODE_SIGN_IDENTITY = "-";
				CODE_SIGN_STYLE = Manual;
				COPY_PHASE_STRIP = NO;
				CURRENT_PROJECT_VERSION = 1;
				DEBUG_INFORMATION_FORMAT = "dwarf-with-dsym";
				ENABLE_APP_SANDBOX = YES;
				ENABLE_NS_ASSERTIONS = NO;
				ENABLE_USER_SELECTED_FILES = readonly;
				GENERATE_INFOPLIST_FILE = NO;
				INFOPLIST_FILE = Xcode/SphereView360ShareExtension/Info.plist;
				LD_RUNPATH_SEARCH_PATHS = (
					"$(inherited)",
					"@executable_path/../Frameworks",
					"@executable_path/../../../../Frameworks",
				);
				MACOSX_DEPLOYMENT_TARGET = 14.0;
				MARKETING_VERSION = 0.1.0;
				PRODUCT_BUNDLE_IDENTIFIER = dev.local.SphereView360.ShareExtension;
				PRODUCT_NAME = "$(TARGET_NAME)";
				SDKROOT = macosx;
				SKIP_INSTALL = YES;
				SUPPORTED_PLATFORMS = macosx;
				SWIFT_COMPILATION_MODE = wholemodule;
				SWIFT_OPTIMIZATION_LEVEL = "-O";
				SWIFT_VERSION = 6.0;
			};
			name = Release;
		};
		AA0000000000000000000084 /* Debug */ = {
			isa = XCBuildConfiguration;
			buildSettings = {
				ASSETCATALOG_COMPILER_APPICON_NAME = AppIcon;
				CODE_SIGN_IDENTITY = "-";
				CODE_SIGN_STYLE = Manual;
				COPY_PHASE_STRIP = NO;
				CURRENT_PROJECT_VERSION = 1;
				DEBUG_INFORMATION_FORMAT = dwarf;
				ENABLE_APP_SANDBOX = NO;
				ENABLE_TESTABILITY = YES;
				GCC_OPTIMIZATION_LEVEL = 0;
				GENERATE_INFOPLIST_FILE = NO;
				INFOPLIST_FILE = Xcode/SphereView360/Info.plist;
				LD_RUNPATH_SEARCH_PATHS = (
					"$(inherited)",
					"@executable_path/../Frameworks",
				);
				MACOSX_DEPLOYMENT_TARGET = 14.0;
				MARKETING_VERSION = 0.1.0;
				ONLY_ACTIVE_ARCH = YES;
				PRODUCT_BUNDLE_IDENTIFIER = dev.local.SphereView360;
				PRODUCT_NAME = "$(TARGET_NAME)";
				SDKROOT = macosx;
				SUPPORTED_PLATFORMS = macosx;
				SWIFT_ACTIVE_COMPILATION_CONDITIONS = DEBUG;
				SWIFT_OPTIMIZATION_LEVEL = "-Onone";
				SWIFT_VERSION = 6.0;
			};
			name = Debug;
		};
		AA0000000000000000000085 /* Release */ = {
			isa = XCBuildConfiguration;
			buildSettings = {
				ASSETCATALOG_COMPILER_APPICON_NAME = AppIcon;
				CODE_SIGN_IDENTITY = "-";
				CODE_SIGN_STYLE = Manual;
				COPY_PHASE_STRIP = NO;
				CURRENT_PROJECT_VERSION = 1;
				DEBUG_INFORMATION_FORMAT = "dwarf-with-dsym";
				ENABLE_APP_SANDBOX = NO;
				ENABLE_NS_ASSERTIONS = NO;
				GENERATE_INFOPLIST_FILE = NO;
				INFOPLIST_FILE = Xcode/SphereView360/Info.plist;
				LD_RUNPATH_SEARCH_PATHS = (
					"$(inherited)",
					"@executable_path/../Frameworks",
				);
				MACOSX_DEPLOYMENT_TARGET = 14.0;
				MARKETING_VERSION = 0.1.0;
				PRODUCT_BUNDLE_IDENTIFIER = dev.local.SphereView360;
				PRODUCT_NAME = "$(TARGET_NAME)";
				SDKROOT = macosx;
				SUPPORTED_PLATFORMS = macosx;
				SWIFT_COMPILATION_MODE = wholemodule;
				SWIFT_OPTIMIZATION_LEVEL = "-O";
				SWIFT_VERSION = 6.0;
			};
			name = Release;
		};
		AA0000000000000000000095 /* Debug */ = {
			isa = XCBuildConfiguration;
			buildSettings = {
				APPLICATION_EXTENSION_API_ONLY = YES;
				CODE_SIGN_IDENTITY = "-";
				CODE_SIGN_STYLE = Manual;
				COPY_PHASE_STRIP = NO;
				CURRENT_PROJECT_VERSION = 1;
				DEBUG_INFORMATION_FORMAT = dwarf;
				ENABLE_TESTABILITY = YES;
				GCC_OPTIMIZATION_LEVEL = 0;
				GENERATE_INFOPLIST_FILE = NO;
				INFOPLIST_FILE = Xcode/SphereView360iOSShareExtension/Info.plist;
				IPHONEOS_DEPLOYMENT_TARGET = 17.0;
				LD_RUNPATH_SEARCH_PATHS = (
					"$(inherited)",
					"@executable_path/Frameworks",
					"@executable_path/../../Frameworks",
				);
				MARKETING_VERSION = 0.1.0;
				ONLY_ACTIVE_ARCH = YES;
				PRODUCT_BUNDLE_IDENTIFIER = dev.local.SphereView360.mobile.ShareExtension;
				PRODUCT_NAME = "$(TARGET_NAME)";
				SDKROOT = iphoneos;
				SKIP_INSTALL = YES;
				SUPPORTED_PLATFORMS = "iphoneos iphonesimulator";
				SWIFT_ACTIVE_COMPILATION_CONDITIONS = DEBUG;
				SWIFT_OPTIMIZATION_LEVEL = "-Onone";
				SWIFT_VERSION = 6.0;
				TARGETED_DEVICE_FAMILY = "1,2";
			};
			name = Debug;
		};
		AA0000000000000000000096 /* Release */ = {
			isa = XCBuildConfiguration;
			buildSettings = {
				APPLICATION_EXTENSION_API_ONLY = YES;
				CODE_SIGN_IDENTITY = "-";
				CODE_SIGN_STYLE = Manual;
				COPY_PHASE_STRIP = NO;
				CURRENT_PROJECT_VERSION = 1;
				DEBUG_INFORMATION_FORMAT = "dwarf-with-dsym";
				ENABLE_NS_ASSERTIONS = NO;
				GENERATE_INFOPLIST_FILE = NO;
				INFOPLIST_FILE = Xcode/SphereView360iOSShareExtension/Info.plist;
				IPHONEOS_DEPLOYMENT_TARGET = 17.0;
				LD_RUNPATH_SEARCH_PATHS = (
					"$(inherited)",
					"@executable_path/Frameworks",
					"@executable_path/../../Frameworks",
				);
				MARKETING_VERSION = 0.1.0;
				PRODUCT_BUNDLE_IDENTIFIER = dev.local.SphereView360.mobile.ShareExtension;
				PRODUCT_NAME = "$(TARGET_NAME)";
				SDKROOT = iphoneos;
				SKIP_INSTALL = YES;
				SUPPORTED_PLATFORMS = "iphoneos iphonesimulator";
				SWIFT_COMPILATION_MODE = wholemodule;
				SWIFT_OPTIMIZATION_LEVEL = "-O";
				SWIFT_VERSION = 6.0;
				TARGETED_DEVICE_FAMILY = "1,2";
			};
			name = Release;
		};
		AA0000000000000000000115 /* Debug */ = {
			isa = XCBuildConfiguration;
			buildSettings = {
				ASSETCATALOG_COMPILER_APPICON_NAME = AppIcon;
				CODE_SIGN_IDENTITY = "-";
				CODE_SIGN_STYLE = Manual;
				COPY_PHASE_STRIP = NO;
				CURRENT_PROJECT_VERSION = 1;
				DEBUG_INFORMATION_FORMAT = dwarf;
				ENABLE_TESTABILITY = YES;
				GCC_OPTIMIZATION_LEVEL = 0;
				GENERATE_INFOPLIST_FILE = NO;
				INFOPLIST_FILE = Xcode/SphereView360iOS/Info.plist;
				IPHONEOS_DEPLOYMENT_TARGET = 17.0;
				LD_RUNPATH_SEARCH_PATHS = (
					"$(inherited)",
					"@executable_path/Frameworks",
				);
				MARKETING_VERSION = 0.1.0;
				ONLY_ACTIVE_ARCH = YES;
				PRODUCT_BUNDLE_IDENTIFIER = dev.local.SphereView360.mobile;
				PRODUCT_NAME = "$(TARGET_NAME)";
				SDKROOT = iphoneos;
				SUPPORTED_PLATFORMS = "iphoneos iphonesimulator";
				SWIFT_ACTIVE_COMPILATION_CONDITIONS = DEBUG;
				SWIFT_OPTIMIZATION_LEVEL = "-Onone";
				SWIFT_VERSION = 6.0;
				TARGETED_DEVICE_FAMILY = "1,2";
			};
			name = Debug;
		};
		AA0000000000000000000116 /* Release */ = {
			isa = XCBuildConfiguration;
			buildSettings = {
				ASSETCATALOG_COMPILER_APPICON_NAME = AppIcon;
				CODE_SIGN_IDENTITY = "-";
				CODE_SIGN_STYLE = Manual;
				COPY_PHASE_STRIP = NO;
				CURRENT_PROJECT_VERSION = 1;
				DEBUG_INFORMATION_FORMAT = "dwarf-with-dsym";
				ENABLE_NS_ASSERTIONS = NO;
				GENERATE_INFOPLIST_FILE = NO;
				INFOPLIST_FILE = Xcode/SphereView360iOS/Info.plist;
				IPHONEOS_DEPLOYMENT_TARGET = 17.0;
				LD_RUNPATH_SEARCH_PATHS = (
					"$(inherited)",
					"@executable_path/Frameworks",
				);
				MARKETING_VERSION = 0.1.0;
				PRODUCT_BUNDLE_IDENTIFIER = dev.local.SphereView360.mobile;
				PRODUCT_NAME = "$(TARGET_NAME)";
				SDKROOT = iphoneos;
				SUPPORTED_PLATFORMS = "iphoneos iphonesimulator";
				SWIFT_COMPILATION_MODE = wholemodule;
				SWIFT_OPTIMIZATION_LEVEL = "-O";
				SWIFT_VERSION = 6.0;
				TARGETED_DEVICE_FAMILY = "1,2";
			};
			name = Release;
		};
		AA0000000000000000000119 /* Debug */ = {
			isa = XCBuildConfiguration;
			buildSettings = {
				ALWAYS_SEARCH_USER_PATHS = NO;
				CLANG_ENABLE_MODULES = YES;
				CLANG_ENABLE_OBJC_ARC = YES;
				COPY_PHASE_STRIP = NO;
				DEBUG_INFORMATION_FORMAT = dwarf;
				ENABLE_STRICT_OBJC_MSGSEND = YES;
				ENABLE_TESTABILITY = YES;
				GCC_NO_COMMON_BLOCKS = YES;
				GCC_OPTIMIZATION_LEVEL = 0;
				ONLY_ACTIVE_ARCH = YES;
				SWIFT_ACTIVE_COMPILATION_CONDITIONS = DEBUG;
				SWIFT_OPTIMIZATION_LEVEL = "-Onone";
				SWIFT_VERSION = 6.0;
			};
			name = Debug;
		};
		AA0000000000000000000120 /* Release */ = {
			isa = XCBuildConfiguration;
			buildSettings = {
				ALWAYS_SEARCH_USER_PATHS = NO;
				CLANG_ENABLE_MODULES = YES;
				CLANG_ENABLE_OBJC_ARC = YES;
				COPY_PHASE_STRIP = NO;
				DEBUG_INFORMATION_FORMAT = "dwarf-with-dsym";
				ENABLE_NS_ASSERTIONS = NO;
				ENABLE_STRICT_OBJC_MSGSEND = YES;
				GCC_NO_COMMON_BLOCKS = YES;
				SWIFT_COMPILATION_MODE = wholemodule;
				SWIFT_OPTIMIZATION_LEVEL = "-O";
				SWIFT_VERSION = 6.0;
			};
			name = Release;
		};
/* End XCBuildConfiguration section */

/* Begin XCConfigurationList section */
		AA0000000000000000000047 /* Build configuration list for PBXNativeTarget "SphereView360PhotosExtension" */ = {
			isa = XCConfigurationList;
			buildConfigurations = (
				AA0000000000000000000045 /* Debug */,
				AA0000000000000000000046 /* Release */,
			);
			defaultConfigurationIsVisible = 0;
			defaultConfigurationName = Debug;
		};
		AA0000000000000000000058 /* Build configuration list for PBXNativeTarget "SphereView360ShareExtension" */ = {
			isa = XCConfigurationList;
			buildConfigurations = (
				AA0000000000000000000056 /* Debug */,
				AA0000000000000000000057 /* Release */,
			);
			defaultConfigurationIsVisible = 0;
			defaultConfigurationName = Debug;
		};
		AA0000000000000000000086 /* Build configuration list for PBXNativeTarget "SphereView360" */ = {
			isa = XCConfigurationList;
			buildConfigurations = (
				AA0000000000000000000084 /* Debug */,
				AA0000000000000000000085 /* Release */,
			);
			defaultConfigurationIsVisible = 0;
			defaultConfigurationName = Debug;
		};
		AA0000000000000000000097 /* Build configuration list for PBXNativeTarget "SphereView360iOSShareExtension" */ = {
			isa = XCConfigurationList;
			buildConfigurations = (
				AA0000000000000000000095 /* Debug */,
				AA0000000000000000000096 /* Release */,
			);
			defaultConfigurationIsVisible = 0;
			defaultConfigurationName = Debug;
		};
		AA0000000000000000000117 /* Build configuration list for PBXNativeTarget "SphereView360iOS" */ = {
			isa = XCConfigurationList;
			buildConfigurations = (
				AA0000000000000000000115 /* Debug */,
				AA0000000000000000000116 /* Release */,
			);
			defaultConfigurationIsVisible = 0;
			defaultConfigurationName = Debug;
		};
		AA0000000000000000000121 /* Build configuration list for PBXProject "SphereView360" */ = {
			isa = XCConfigurationList;
			buildConfigurations = (
				AA0000000000000000000119 /* Debug */,
				AA0000000000000000000120 /* Release */,
			);
			defaultConfigurationIsVisible = 0;
			defaultConfigurationName = Debug;
		};
/* End XCConfigurationList section */
	};
	rootObject = AA0000000000000000000122 /* Project object */;
}
